
Microsoft Visual Studio Solution File, Format Version 12.00
# Visual Studio 15
VisualStudioVersion = 15.0.27428.2011
MinimumVisualStudioVersion = 10.0.40219.1
Project("{FAE04EC0-301F-11D3-BF4B-00C04F79EFBC}") = "EFModel using the Entity Data Model Wizard", "EFModel using the Entity Data Model Wizard\EFModel using the Entity Data Model Wizard.csproj", "{2419BE27-F46F-4DFD-BD45-6CA904CA3796}"
EndProject
Project("{9A19103F-16F7-4668-BE54-9A1E7A4F7556}") = "CosmoDBNetCore", "CosmoDBNetCore\CosmoDBNetCore.csproj", "{62408FA4-32B3-4952-80CE-7BC9B0889068}"
EndProject
Project("{FAE04EC0-301F-11D3-BF4B-00C04F79EFBC}") = "ContosoTeamStatsWithRedisCache", "ContosoTeamStatsWithRedisCache\ContosoTeamStatsWithRedisCache.csproj", "{7D9A12C7-6378-46D0-A2E8-6643DCC4ADC1}"
EndProject
Project("{FAE04EC0-301F-11D3-BF4B-00C04F79EFBC}") = "NorthwindWebWithWCFDataService", "NorthwindWebWithWCFDataService\NorthwindWebWithWCFDataService.csproj", "{EEDBD609-CCE3-4388-A450-EDCC2CF85204}"
EndProject
Project("{FAE04EC0-301F-11D3-BF4B-00C04F79EFBC}") = "WebAPIDesign", "WebAPIDesign\WebAPIDesign.csproj", "{D0B05D6E-F46B-4BC0-97BB-215F53922BCF}"
EndProject
Global
	GlobalSection(SolutionConfigurationPlatforms) = preSolution
		Debug|Any CPU = Debug|Any CPU
		Release|Any CPU = Release|Any CPU
	EndGlobalSection
	GlobalSection(ProjectConfigurationPlatforms) = postSolution
		{2419BE27-F46F-4DFD-BD45-6CA904CA3796}.Debug|Any CPU.ActiveCfg = Debug|Any CPU
		{2419BE27-F46F-4DFD-BD45-6CA904CA3796}.Debug|Any CPU.Build.0 = Debug|Any CPU
		{2419BE27-F46F-4DFD-BD45-6CA904CA3796}.Release|Any CPU.ActiveCfg = Release|Any CPU
		{2419BE27-F46F-4DFD-BD45-6CA904CA3796}.Release|Any CPU.Build.0 = Release|Any CPU
		{62408FA4-32B3-4952-80CE-7BC9B0889068}.Debug|Any CPU.ActiveCfg = Debug|Any CPU
		{62408FA4-32B3-4952-80CE-7BC9B0889068}.Debug|Any CPU.Build.0 = Debug|Any CPU
		{62408FA4-32B3-4952-80CE-7BC9B0889068}.Release|Any CPU.ActiveCfg = Release|Any CPU
		{62408FA4-32B3-4952-80CE-7BC9B0889068}.Release|Any CPU.Build.0 = Release|Any CPU
		{7D9A12C7-6378-46D0-A2E8-6643DCC4ADC1}.Debug|Any CPU.ActiveCfg = Debug|Any CPU
		{7D9A12C7-6378-46D0-A2E8-6643DCC4ADC1}.Debug|Any CPU.Build.0 = Debug|Any CPU
		{7D9A12C7-6378-46D0-A2E8-6643DCC4ADC1}.Release|Any CPU.ActiveCfg = Release|Any CPU
		{7D9A12C7-6378-46D0-A2E8-6643DCC4ADC1}.Release|Any CPU.Build.0 = Release|Any CPU
		{EEDBD609-CCE3-4388-A450-EDCC2CF85204}.Debug|Any CPU.ActiveCfg = Debug|Any CPU
		{EEDBD609-CCE3-4388-A450-EDCC2CF85204}.Debug|Any CPU.Build.0 = Debug|Any CPU
		{EEDBD609-CCE3-4388-A450-EDCC2CF85204}.Release|Any CPU.ActiveCfg = Release|Any CPU
		{EEDBD609-CCE3-4388-A450-EDCC2CF85204}.Release|Any CPU.Build.0 = Release|Any CPU
		{D0B05D6E-F46B-4BC0-97BB-215F53922BCF}.Debug|Any CPU.ActiveCfg = Debug|Any CPU
		{D0B05D6E-F46B-4BC0-97BB-215F53922BCF}.Debug|Any CPU.Build.0 = Debug|Any CPU
		{D0B05D6E-F46B-4BC0-97BB-215F53922BCF}.Release|Any CPU.ActiveCfg = Release|Any CPU
		{D0B05D6E-F46B-4BC0-97BB-215F53922BCF}.Release|Any CPU.Build.0 = Release|Any CPU
	EndGlobalSection
	GlobalSection(SolutionProperties) = preSolution
		HideSolutionNode = FALSE
	EndGlobalSection
	GlobalSection(ExtensibilityGlobals) = postSolution
		SolutionGuid = {C7019441-D4FE-4399-AB27-A2770A522CD7}
	EndGlobalSection
EndGlobal
